
Microsoft Visual Studio Solution File, Format Version 12.00
# Visual Studio 14
VisualStudioVersion = 14.0.25420.1
MinimumVisualStudioVersion = 10.0.40219.1
Project("{2150E333-8FDC-42A3-9474-1A3956D46DE8}") = "register", "register", "{58C4DBCC-7916-4311-A3DE-B3C31D4D66B7}"
EndProject
Project("{2150E333-8FDC-42A3-9474-1A3956D46DE8}") = "dnspy", "dnspy", "{2EE79934-6F5E-4017-9CFD-0827A17D53B3}"
EndProject
Project("{2150E333-8FDC-42A3-9474-1A3956D46DE8}") = "client", "client", "{500B1ADB-E6C9-4210-A0DE-C6CF431BC991}"
EndProject
Project("{2150E333-8FDC-42A3-9474-1A3956D46DE8}") = "GwInfoPay", "GwInfoPay", "{76BF73C7-3560-40A5-98E2-EDA422D33A15}"
EndProject
Global
	GlobalSection(SolutionProperties) = preSolution
		HideSolutionNode = FALSE
	EndGlobalSection
EndGlobal
